
Microsoft Visual Studio Solution File, Format Version 12.00
# Visual Studio Version 16
VisualStudioVersion = 16.0.28803.202
MinimumVisualStudioVersion = 10.0.40219.1
Project("{FAE04EC0-301F-11D3-BF4B-00C04F79EFBC}") = "organs", "organs\organs.csproj", "{AA8FA3B1-BCE2-48CB-8EE9-41BA3761808A}"
EndProject
Global
	GlobalSection(SolutionConfigurationPlatforms) = preSolution
		Debug|Any CPU = Debug|Any CPU
		Release|Any CPU = Release|Any CPU
	EndGlobalSection
	GlobalSection(ProjectConfigurationPlatforms) = postSolution
		{AA8FA3B1-BCE2-48CB-8EE9-41BA3761808A}.Debug|Any CPU.ActiveCfg = Debug|Any CPU
		{AA8FA3B1-BCE2-48CB-8EE9-41BA3761808A}.Debug|Any CPU.Build.0 = Debug|Any CPU
		{AA8FA3B1-BCE2-48CB-8EE9-41BA3761808A}.Release|Any CPU.ActiveCfg = Release|Any CPU
		{AA8FA3B1-BCE2-48CB-8EE9-41BA3761808A}.Release|Any CPU.Build.0 = Release|Any CPU
	EndGlobalSection
	GlobalSection(SolutionProperties) = preSolution
		HideSolutionNode = FALSE
	EndGlobalSection
	GlobalSection(ExtensibilityGlobals) = postSolution
		SolutionGuid = {97A6C860-4073-4ED3-8CF8-C623FABEBCCC}
	EndGlobalSection
EndGlobal
