
Microsoft Visual Studio Solution File, Format Version 12.00
# Visual Studio Version 16
VisualStudioVersion = 16.0.28803.202
MinimumVisualStudioVersion = 10.0.40219.1
Project("{FAE04EC0-301F-11D3-BF4B-00C04F79EFBC}") = "task_with_collections_4", "task_with_collections_4\task_with_collections_4.csproj", "{CFCA91FA-C29C-4A99-A865-51D9C405E877}"
EndProject
Global
	GlobalSection(SolutionConfigurationPlatforms) = preSolution
		Debug|Any CPU = Debug|Any CPU
		Release|Any CPU = Release|Any CPU
	EndGlobalSection
	GlobalSection(ProjectConfigurationPlatforms) = postSolution
		{CFCA91FA-C29C-4A99-A865-51D9C405E877}.Debug|Any CPU.ActiveCfg = Debug|Any CPU
		{CFCA91FA-C29C-4A99-A865-51D9C405E877}.Debug|Any CPU.Build.0 = Debug|Any CPU
		{CFCA91FA-C29C-4A99-A865-51D9C405E877}.Release|Any CPU.ActiveCfg = Release|Any CPU
		{CFCA91FA-C29C-4A99-A865-51D9C405E877}.Release|Any CPU.Build.0 = Release|Any CPU
	EndGlobalSection
	GlobalSection(SolutionProperties) = preSolution
		HideSolutionNode = FALSE
	EndGlobalSection
	GlobalSection(ExtensibilityGlobals) = postSolution
		SolutionGuid = {B5C16A79-B420-4122-8F1E-B4053F424D77}
	EndGlobalSection
EndGlobal
