
Microsoft Visual Studio Solution File, Format Version 12.00
# Visual Studio Version 16
VisualStudioVersion = 16.0.28803.202
MinimumVisualStudioVersion = 10.0.40219.1
Project("{FAE04EC0-301F-11D3-BF4B-00C04F79EFBC}") = "string_concatenation", "string_concatenation\string_concatenation.csproj", "{D348D65E-B96B-41C9-8CB6-67D254A7A7E8}"
EndProject
Global
	GlobalSection(SolutionConfigurationPlatforms) = preSolution
		Debug|Any CPU = Debug|Any CPU
		Release|Any CPU = Release|Any CPU
	EndGlobalSection
	GlobalSection(ProjectConfigurationPlatforms) = postSolution
		{D348D65E-B96B-41C9-8CB6-67D254A7A7E8}.Debug|Any CPU.ActiveCfg = Debug|Any CPU
		{D348D65E-B96B-41C9-8CB6-67D254A7A7E8}.Debug|Any CPU.Build.0 = Debug|Any CPU
		{D348D65E-B96B-41C9-8CB6-67D254A7A7E8}.Release|Any CPU.ActiveCfg = Release|Any CPU
		{D348D65E-B96B-41C9-8CB6-67D254A7A7E8}.Release|Any CPU.Build.0 = Release|Any CPU
	EndGlobalSection
	GlobalSection(SolutionProperties) = preSolution
		HideSolutionNode = FALSE
	EndGlobalSection
	GlobalSection(ExtensibilityGlobals) = postSolution
		SolutionGuid = {9867756A-C42B-41D6-9776-2FBD400CEC60}
	EndGlobalSection
EndGlobal
