
Microsoft Visual Studio Solution File, Format Version 12.00
# Visual Studio Version 16
VisualStudioVersion = 16.0.28803.202
MinimumVisualStudioVersion = 10.0.40219.1
Project("{FAE04EC0-301F-11D3-BF4B-00C04F79EFBC}") = "abstract_class_task", "abstract_class_task\abstract_class_task.csproj", "{AA80B4F4-6035-4002-89EA-5417FC3C7AAB}"
EndProject
Global
	GlobalSection(SolutionConfigurationPlatforms) = preSolution
		Debug|Any CPU = Debug|Any CPU
		Release|Any CPU = Release|Any CPU
	EndGlobalSection
	GlobalSection(ProjectConfigurationPlatforms) = postSolution
		{AA80B4F4-6035-4002-89EA-5417FC3C7AAB}.Debug|Any CPU.ActiveCfg = Debug|Any CPU
		{AA80B4F4-6035-4002-89EA-5417FC3C7AAB}.Debug|Any CPU.Build.0 = Debug|Any CPU
		{AA80B4F4-6035-4002-89EA-5417FC3C7AAB}.Release|Any CPU.ActiveCfg = Release|Any CPU
		{AA80B4F4-6035-4002-89EA-5417FC3C7AAB}.Release|Any CPU.Build.0 = Release|Any CPU
	EndGlobalSection
	GlobalSection(SolutionProperties) = preSolution
		HideSolutionNode = FALSE
	EndGlobalSection
	GlobalSection(ExtensibilityGlobals) = postSolution
		SolutionGuid = {B16B28BD-46E3-403E-B782-DC4FB261A94D}
	EndGlobalSection
EndGlobal
