
Microsoft Visual Studio Solution File, Format Version 12.00
# Visual Studio Version 16
VisualStudioVersion = 16.0.28803.202
MinimumVisualStudioVersion = 10.0.40219.1
Project("{FAE04EC0-301F-11D3-BF4B-00C04F79EFBC}") = "write_read_text_file", "write_read_text_file\write_read_text_file.csproj", "{79C24457-7872-4F1C-843B-807F0F0E1907}"
EndProject
Global
	GlobalSection(SolutionConfigurationPlatforms) = preSolution
		Debug|Any CPU = Debug|Any CPU
		Release|Any CPU = Release|Any CPU
	EndGlobalSection
	GlobalSection(ProjectConfigurationPlatforms) = postSolution
		{79C24457-7872-4F1C-843B-807F0F0E1907}.Debug|Any CPU.ActiveCfg = Debug|Any CPU
		{79C24457-7872-4F1C-843B-807F0F0E1907}.Debug|Any CPU.Build.0 = Debug|Any CPU
		{79C24457-7872-4F1C-843B-807F0F0E1907}.Release|Any CPU.ActiveCfg = Release|Any CPU
		{79C24457-7872-4F1C-843B-807F0F0E1907}.Release|Any CPU.Build.0 = Release|Any CPU
	EndGlobalSection
	GlobalSection(SolutionProperties) = preSolution
		HideSolutionNode = FALSE
	EndGlobalSection
	GlobalSection(ExtensibilityGlobals) = postSolution
		SolutionGuid = {9A2412C6-E417-4B6E-940D-8BE3429407C4}
	EndGlobalSection
EndGlobal
