
Microsoft Visual Studio Solution File, Format Version 12.00
# Visual Studio Version 16
VisualStudioVersion = 16.0.28803.202
MinimumVisualStudioVersion = 10.0.40219.1
Project("{FAE04EC0-301F-11D3-BF4B-00C04F79EFBC}") = "Calculator", "Calculator\Calculator.csproj", "{31E349AF-7464-4848-B559-068EB5A1BCB3}"
EndProject
Project("{FAE04EC0-301F-11D3-BF4B-00C04F79EFBC}") = "Calculator.Test", "Calculator.Test\Calculator.Test.csproj", "{C1ECD50C-093B-4734-B88F-5DA3DBEF38A9}"
EndProject
Project("{FAE04EC0-301F-11D3-BF4B-00C04F79EFBC}") = "CalculatorNUnitTest", "CalculatorNUnitTest\CalculatorNUnitTest.csproj", "{0539986D-6A77-4B97-8634-28031F45FDFC}"
EndProject
Global
	GlobalSection(SolutionConfigurationPlatforms) = preSolution
		Debug|Any CPU = Debug|Any CPU
		Release|Any CPU = Release|Any CPU
	EndGlobalSection
	GlobalSection(ProjectConfigurationPlatforms) = postSolution
		{31E349AF-7464-4848-B559-068EB5A1BCB3}.Debug|Any CPU.ActiveCfg = Debug|Any CPU
		{31E349AF-7464-4848-B559-068EB5A1BCB3}.Debug|Any CPU.Build.0 = Debug|Any CPU
		{31E349AF-7464-4848-B559-068EB5A1BCB3}.Release|Any CPU.ActiveCfg = Release|Any CPU
		{31E349AF-7464-4848-B559-068EB5A1BCB3}.Release|Any CPU.Build.0 = Release|Any CPU
		{C1ECD50C-093B-4734-B88F-5DA3DBEF38A9}.Debug|Any CPU.ActiveCfg = Debug|Any CPU
		{C1ECD50C-093B-4734-B88F-5DA3DBEF38A9}.Debug|Any CPU.Build.0 = Debug|Any CPU
		{C1ECD50C-093B-4734-B88F-5DA3DBEF38A9}.Release|Any CPU.ActiveCfg = Release|Any CPU
		{C1ECD50C-093B-4734-B88F-5DA3DBEF38A9}.Release|Any CPU.Build.0 = Release|Any CPU
		{0539986D-6A77-4B97-8634-28031F45FDFC}.Debug|Any CPU.ActiveCfg = Debug|Any CPU
		{0539986D-6A77-4B97-8634-28031F45FDFC}.Debug|Any CPU.Build.0 = Debug|Any CPU
		{0539986D-6A77-4B97-8634-28031F45FDFC}.Release|Any CPU.ActiveCfg = Release|Any CPU
		{0539986D-6A77-4B97-8634-28031F45FDFC}.Release|Any CPU.Build.0 = Release|Any CPU
	EndGlobalSection
	GlobalSection(SolutionProperties) = preSolution
		HideSolutionNode = FALSE
	EndGlobalSection
	GlobalSection(ExtensibilityGlobals) = postSolution
		SolutionGuid = {ECB09C2E-F94B-4670-A56C-4EAC66A478AD}
	EndGlobalSection
EndGlobal
