
Microsoft Visual Studio Solution File, Format Version 12.00
# Visual Studio Version 16
VisualStudioVersion = 16.0.28803.202
MinimumVisualStudioVersion = 10.0.40219.1
Project("{FAE04EC0-301F-11D3-BF4B-00C04F79EFBC}") = "task_with_collections_8", "task_with_collections_8\task_with_collections_8.csproj", "{1595EF31-4923-4160-82EF-D6CB07381379}"
EndProject
Global
	GlobalSection(SolutionConfigurationPlatforms) = preSolution
		Debug|Any CPU = Debug|Any CPU
		Release|Any CPU = Release|Any CPU
	EndGlobalSection
	GlobalSection(ProjectConfigurationPlatforms) = postSolution
		{1595EF31-4923-4160-82EF-D6CB07381379}.Debug|Any CPU.ActiveCfg = Debug|Any CPU
		{1595EF31-4923-4160-82EF-D6CB07381379}.Debug|Any CPU.Build.0 = Debug|Any CPU
		{1595EF31-4923-4160-82EF-D6CB07381379}.Release|Any CPU.ActiveCfg = Release|Any CPU
		{1595EF31-4923-4160-82EF-D6CB07381379}.Release|Any CPU.Build.0 = Release|Any CPU
	EndGlobalSection
	GlobalSection(SolutionProperties) = preSolution
		HideSolutionNode = FALSE
	EndGlobalSection
	GlobalSection(ExtensibilityGlobals) = postSolution
		SolutionGuid = {F5CA7F3E-2431-45CE-8F64-65A3AF8C1F07}
	EndGlobalSection
EndGlobal
