
Microsoft Visual Studio Solution File, Format Version 12.00
# Visual Studio Version 16
VisualStudioVersion = 16.0.28803.202
MinimumVisualStudioVersion = 10.0.40219.1
Project("{FAE04EC0-301F-11D3-BF4B-00C04F79EFBC}") = "generic_class", "generic_class\generic_class.csproj", "{A11A99F4-DEA8-439C-AEEE-281FB46ADEEB}"
EndProject
Global
	GlobalSection(SolutionConfigurationPlatforms) = preSolution
		Debug|Any CPU = Debug|Any CPU
		Release|Any CPU = Release|Any CPU
	EndGlobalSection
	GlobalSection(ProjectConfigurationPlatforms) = postSolution
		{A11A99F4-DEA8-439C-AEEE-281FB46ADEEB}.Debug|Any CPU.ActiveCfg = Debug|Any CPU
		{A11A99F4-DEA8-439C-AEEE-281FB46ADEEB}.Debug|Any CPU.Build.0 = Debug|Any CPU
		{A11A99F4-DEA8-439C-AEEE-281FB46ADEEB}.Release|Any CPU.ActiveCfg = Release|Any CPU
		{A11A99F4-DEA8-439C-AEEE-281FB46ADEEB}.Release|Any CPU.Build.0 = Release|Any CPU
	EndGlobalSection
	GlobalSection(SolutionProperties) = preSolution
		HideSolutionNode = FALSE
	EndGlobalSection
	GlobalSection(ExtensibilityGlobals) = postSolution
		SolutionGuid = {0D5F44CB-92E9-4DB5-A7C2-4E8325BDEF64}
	EndGlobalSection
EndGlobal
