
Microsoft Visual Studio Solution File, Format Version 12.00
# Visual Studio Version 16
VisualStudioVersion = 16.0.28803.202
MinimumVisualStudioVersion = 10.0.40219.1
Project("{FAE04EC0-301F-11D3-BF4B-00C04F79EFBC}") = "MyCalcLib", "MyCalcLib\MyCalcLib.csproj", "{D9C0E8D5-34EC-4898-B8E0-F4140A93E187}"
EndProject
Project("{FAE04EC0-301F-11D3-BF4B-00C04F79EFBC}") = "MyCalcLib.Tests", "MyCalcLib.Tests\MyCalcLib.Tests.csproj", "{32155F0A-4AD0-495B-95CD-99EA2CC93121}"
EndProject
Global
	GlobalSection(SolutionConfigurationPlatforms) = preSolution
		Debug|Any CPU = Debug|Any CPU
		Release|Any CPU = Release|Any CPU
	EndGlobalSection
	GlobalSection(ProjectConfigurationPlatforms) = postSolution
		{D9C0E8D5-34EC-4898-B8E0-F4140A93E187}.Debug|Any CPU.ActiveCfg = Debug|Any CPU
		{D9C0E8D5-34EC-4898-B8E0-F4140A93E187}.Debug|Any CPU.Build.0 = Debug|Any CPU
		{D9C0E8D5-34EC-4898-B8E0-F4140A93E187}.Release|Any CPU.ActiveCfg = Release|Any CPU
		{D9C0E8D5-34EC-4898-B8E0-F4140A93E187}.Release|Any CPU.Build.0 = Release|Any CPU
		{32155F0A-4AD0-495B-95CD-99EA2CC93121}.Debug|Any CPU.ActiveCfg = Debug|Any CPU
		{32155F0A-4AD0-495B-95CD-99EA2CC93121}.Debug|Any CPU.Build.0 = Debug|Any CPU
		{32155F0A-4AD0-495B-95CD-99EA2CC93121}.Release|Any CPU.ActiveCfg = Release|Any CPU
		{32155F0A-4AD0-495B-95CD-99EA2CC93121}.Release|Any CPU.Build.0 = Release|Any CPU
	EndGlobalSection
	GlobalSection(SolutionProperties) = preSolution
		HideSolutionNode = FALSE
	EndGlobalSection
	GlobalSection(ExtensibilityGlobals) = postSolution
		SolutionGuid = {5311C94B-B6E6-4218-A786-F4ECF822E12F}
	EndGlobalSection
EndGlobal
