
Microsoft Visual Studio Solution File, Format Version 12.00
# Visual Studio Version 16
VisualStudioVersion = 16.0.28803.202
MinimumVisualStudioVersion = 10.0.40219.1
Project("{FAE04EC0-301F-11D3-BF4B-00C04F79EFBC}") = "delegates", "delegates\delegates.csproj", "{E5DAD1A4-AAD3-4A01-B382-BB572A086CBD}"
EndProject
Global
	GlobalSection(SolutionConfigurationPlatforms) = preSolution
		Debug|Any CPU = Debug|Any CPU
		Release|Any CPU = Release|Any CPU
	EndGlobalSection
	GlobalSection(ProjectConfigurationPlatforms) = postSolution
		{E5DAD1A4-AAD3-4A01-B382-BB572A086CBD}.Debug|Any CPU.ActiveCfg = Debug|Any CPU
		{E5DAD1A4-AAD3-4A01-B382-BB572A086CBD}.Debug|Any CPU.Build.0 = Debug|Any CPU
		{E5DAD1A4-AAD3-4A01-B382-BB572A086CBD}.Release|Any CPU.ActiveCfg = Release|Any CPU
		{E5DAD1A4-AAD3-4A01-B382-BB572A086CBD}.Release|Any CPU.Build.0 = Release|Any CPU
	EndGlobalSection
	GlobalSection(SolutionProperties) = preSolution
		HideSolutionNode = FALSE
	EndGlobalSection
	GlobalSection(ExtensibilityGlobals) = postSolution
		SolutionGuid = {6FF92D7D-DC22-40F3-BB22-F3BC2D407087}
	EndGlobalSection
EndGlobal
