
Microsoft Visual Studio Solution File, Format Version 12.00
# Visual Studio Version 16
VisualStudioVersion = 16.0.28803.202
MinimumVisualStudioVersion = 10.0.40219.1
Project("{FAE04EC0-301F-11D3-BF4B-00C04F79EFBC}") = "Task_108", "Task_108\Task_108.csproj", "{4D861C29-57A2-46AB-9AAC-1E23B4A192DF}"
EndProject
Global
	GlobalSection(SolutionConfigurationPlatforms) = preSolution
		Debug|Any CPU = Debug|Any CPU
		Release|Any CPU = Release|Any CPU
	EndGlobalSection
	GlobalSection(ProjectConfigurationPlatforms) = postSolution
		{4D861C29-57A2-46AB-9AAC-1E23B4A192DF}.Debug|Any CPU.ActiveCfg = Debug|Any CPU
		{4D861C29-57A2-46AB-9AAC-1E23B4A192DF}.Debug|Any CPU.Build.0 = Debug|Any CPU
		{4D861C29-57A2-46AB-9AAC-1E23B4A192DF}.Release|Any CPU.ActiveCfg = Release|Any CPU
		{4D861C29-57A2-46AB-9AAC-1E23B4A192DF}.Release|Any CPU.Build.0 = Release|Any CPU
	EndGlobalSection
	GlobalSection(SolutionProperties) = preSolution
		HideSolutionNode = FALSE
	EndGlobalSection
	GlobalSection(ExtensibilityGlobals) = postSolution
		SolutionGuid = {3191FAEF-B5D2-44B9-B4DB-535B75658015}
	EndGlobalSection
EndGlobal
