
Microsoft Visual Studio Solution File, Format Version 12.00
# Visual Studio Version 16
VisualStudioVersion = 16.0.28803.202
MinimumVisualStudioVersion = 10.0.40219.1
Project("{FAE04EC0-301F-11D3-BF4B-00C04F79EFBC}") = "name_and_age_task", "name_and_age_task\name_and_age_task.csproj", "{3CF1651A-64C6-44D4-9FC2-193E4A101E8D}"
EndProject
Global
	GlobalSection(SolutionConfigurationPlatforms) = preSolution
		Debug|Any CPU = Debug|Any CPU
		Release|Any CPU = Release|Any CPU
	EndGlobalSection
	GlobalSection(ProjectConfigurationPlatforms) = postSolution
		{3CF1651A-64C6-44D4-9FC2-193E4A101E8D}.Debug|Any CPU.ActiveCfg = Debug|Any CPU
		{3CF1651A-64C6-44D4-9FC2-193E4A101E8D}.Debug|Any CPU.Build.0 = Debug|Any CPU
		{3CF1651A-64C6-44D4-9FC2-193E4A101E8D}.Release|Any CPU.ActiveCfg = Release|Any CPU
		{3CF1651A-64C6-44D4-9FC2-193E4A101E8D}.Release|Any CPU.Build.0 = Release|Any CPU
	EndGlobalSection
	GlobalSection(SolutionProperties) = preSolution
		HideSolutionNode = FALSE
	EndGlobalSection
	GlobalSection(ExtensibilityGlobals) = postSolution
		SolutionGuid = {C5DE66E5-679B-4E96-A910-2F6D1031C48B}
	EndGlobalSection
EndGlobal
