
Microsoft Visual Studio Solution File, Format Version 12.00
# Visual Studio Version 16
VisualStudioVersion = 16.0.28803.202
MinimumVisualStudioVersion = 10.0.40219.1
Project("{FAE04EC0-301F-11D3-BF4B-00C04F79EFBC}") = "words_in_sentence", "words_in_sentence\words_in_sentence.csproj", "{BA921720-1153-4CD7-A273-9DB2F2797A67}"
EndProject
Global
	GlobalSection(SolutionConfigurationPlatforms) = preSolution
		Debug|Any CPU = Debug|Any CPU
		Release|Any CPU = Release|Any CPU
	EndGlobalSection
	GlobalSection(ProjectConfigurationPlatforms) = postSolution
		{BA921720-1153-4CD7-A273-9DB2F2797A67}.Debug|Any CPU.ActiveCfg = Debug|Any CPU
		{BA921720-1153-4CD7-A273-9DB2F2797A67}.Debug|Any CPU.Build.0 = Debug|Any CPU
		{BA921720-1153-4CD7-A273-9DB2F2797A67}.Release|Any CPU.ActiveCfg = Release|Any CPU
		{BA921720-1153-4CD7-A273-9DB2F2797A67}.Release|Any CPU.Build.0 = Release|Any CPU
	EndGlobalSection
	GlobalSection(SolutionProperties) = preSolution
		HideSolutionNode = FALSE
	EndGlobalSection
	GlobalSection(ExtensibilityGlobals) = postSolution
		SolutionGuid = {2F3C7375-E4A5-409D-9F77-9C1F707D5921}
	EndGlobalSection
EndGlobal
